
Microsoft Visual Studio Solution File, Format Version 12.00
# Visual Studio Version 17
VisualStudioVersion = 17.0.31919.166
MinimumVisualStudioVersion = 10.0.40219.1
Project("{9A19103F-16F7-4668-BE54-9A1E7A4F7556}") = "NET6.Web.MVC", "NET6.Web.MVC\NET6.Web.MVC.csproj", "{3CEAC548-ECC8-46C9-835B-FB38D0C68C52}"
EndProject
Project("{9A19103F-16F7-4668-BE54-9A1E7A4F7556}") = "NET6.Console.Demo", "NET6.Console.Demo\NET6.Console.Demo.csproj", "{A99EC9D6-0154-4C72-B281-178591243877}"
EndProject
Global
	GlobalSection(SolutionConfigurationPlatforms) = preSolution
		Debug|Any CPU = Debug|Any CPU
		Release|Any CPU = Release|Any CPU
	EndGlobalSection
	GlobalSection(ProjectConfigurationPlatforms) = postSolution
		{3CEAC548-ECC8-46C9-835B-FB38D0C68C52}.Debug|Any CPU.ActiveCfg = Debug|Any CPU
		{3CEAC548-ECC8-46C9-835B-FB38D0C68C52}.Debug|Any CPU.Build.0 = Debug|Any CPU
		{3CEAC548-ECC8-46C9-835B-FB38D0C68C52}.Release|Any CPU.ActiveCfg = Release|Any CPU
		{3CEAC548-ECC8-46C9-835B-FB38D0C68C52}.Release|Any CPU.Build.0 = Release|Any CPU
		{A99EC9D6-0154-4C72-B281-178591243877}.Debug|Any CPU.ActiveCfg = Debug|Any CPU
		{A99EC9D6-0154-4C72-B281-178591243877}.Debug|Any CPU.Build.0 = Debug|Any CPU
		{A99EC9D6-0154-4C72-B281-178591243877}.Release|Any CPU.ActiveCfg = Release|Any CPU
		{A99EC9D6-0154-4C72-B281-178591243877}.Release|Any CPU.Build.0 = Release|Any CPU
	EndGlobalSection
	GlobalSection(SolutionProperties) = preSolution
		HideSolutionNode = FALSE
	EndGlobalSection
	GlobalSection(ExtensibilityGlobals) = postSolution
		SolutionGuid = {DDE41132-6831-4ED1-801F-7C44265C63EA}
	EndGlobalSection
EndGlobal
