
Microsoft Visual Studio Solution File, Format Version 12.00
# Visual Studio Version 17
VisualStudioVersion = 17.0.31919.166
MinimumVisualStudioVersion = 10.0.40219.1
Project("{9A19103F-16F7-4668-BE54-9A1E7A4F7556}") = "NET6.Web.MVC", "NET6.Web.MVC\NET6.Web.MVC.csproj", "{3CEAC548-ECC8-46C9-835B-FB38D0C68C52}"
EndProject
Project("{9A19103F-16F7-4668-BE54-9A1E7A4F7556}") = "NET6.Console.Demo", "NET6.Console.Demo\NET6.Console.Demo.csproj", "{A99EC9D6-0154-4C72-B281-178591243877}"
EndProject
Project("{9A19103F-16F7-4668-BE54-9A1E7A4F7556}") = "ST.ARC.DataAccess", "ST.ARC.DataAccess\ST.ARC.DataAccess.csproj", "{72602914-74E6-413B-83E9-AD3819D1A3AF}"
EndProject
Project("{9A19103F-16F7-4668-BE54-9A1E7A4F7556}") = "ST.Razor.Web", "ST.Razor.Web\ST.Razor.Web\ST.Razor.Web.csproj", "{AD99EB74-0726-4939-B200-A7724BDC87B3}"
EndProject
Project("{2150E333-8FDC-42A3-9474-1A3956D46DE8}") = "RazorWeb", "RazorWeb", "{4048C78D-9C7E-49C1-81E0-38CA74E7EF86}"
EndProject
Project("{2150E333-8FDC-42A3-9474-1A3956D46DE8}") = "WebAPI", "WebAPI", "{93B72CA8-84C7-4475-9728-69302975FF4A}"
EndProject
Project("{9A19103F-16F7-4668-BE54-9A1E7A4F7556}") = "ST.WebAPI.Mini", "ST.WebAPI.Mini\ST.WebAPI.Mini.csproj", "{C310EA0F-CFFD-4972-9843-B05C31317787}"
EndProject
Project("{9A19103F-16F7-4668-BE54-9A1E7A4F7556}") = "LogWebAPI", "LogWebAPI\LogWebAPI.csproj", "{5208C5B4-469D-4BE8-81D9-E3EF52E2D44B}"
EndProject
Project("{2150E333-8FDC-42A3-9474-1A3956D46DE8}") = "AlgorithmsBase", "AlgorithmsBase", "{DE9A4ED9-20F7-4EBD-8D14-0780DA4634B0}"
EndProject
Project("{9A19103F-16F7-4668-BE54-9A1E7A4F7556}") = "CodilityTest", "ColilityTest\CodilityTest.csproj", "{95C00858-E88A-4D7C-9FAF-C6F5A42E2281}"
EndProject
Project("{FAE04EC0-301F-11D3-BF4B-00C04F79EFBC}") = "AlgorithmsDemo", "AlgorithmsDemo\AlgorithmsDemo.csproj", "{CF62021B-0185-45A7-869E-CD5F4DCE626D}"
EndProject
Global
	GlobalSection(SolutionConfigurationPlatforms) = preSolution
		Debug|Any CPU = Debug|Any CPU
		Release|Any CPU = Release|Any CPU
	EndGlobalSection
	GlobalSection(ProjectConfigurationPlatforms) = postSolution
		{3CEAC548-ECC8-46C9-835B-FB38D0C68C52}.Debug|Any CPU.ActiveCfg = Debug|Any CPU
		{3CEAC548-ECC8-46C9-835B-FB38D0C68C52}.Debug|Any CPU.Build.0 = Debug|Any CPU
		{3CEAC548-ECC8-46C9-835B-FB38D0C68C52}.Release|Any CPU.ActiveCfg = Release|Any CPU
		{3CEAC548-ECC8-46C9-835B-FB38D0C68C52}.Release|Any CPU.Build.0 = Release|Any CPU
		{A99EC9D6-0154-4C72-B281-178591243877}.Debug|Any CPU.ActiveCfg = Debug|Any CPU
		{A99EC9D6-0154-4C72-B281-178591243877}.Debug|Any CPU.Build.0 = Debug|Any CPU
		{A99EC9D6-0154-4C72-B281-178591243877}.Release|Any CPU.ActiveCfg = Release|Any CPU
		{A99EC9D6-0154-4C72-B281-178591243877}.Release|Any CPU.Build.0 = Release|Any CPU
		{72602914-74E6-413B-83E9-AD3819D1A3AF}.Debug|Any CPU.ActiveCfg = Debug|Any CPU
		{72602914-74E6-413B-83E9-AD3819D1A3AF}.Debug|Any CPU.Build.0 = Debug|Any CPU
		{72602914-74E6-413B-83E9-AD3819D1A3AF}.Release|Any CPU.ActiveCfg = Release|Any CPU
		{72602914-74E6-413B-83E9-AD3819D1A3AF}.Release|Any CPU.Build.0 = Release|Any CPU
		{AD99EB74-0726-4939-B200-A7724BDC87B3}.Debug|Any CPU.ActiveCfg = Debug|Any CPU
		{AD99EB74-0726-4939-B200-A7724BDC87B3}.Debug|Any CPU.Build.0 = Debug|Any CPU
		{AD99EB74-0726-4939-B200-A7724BDC87B3}.Release|Any CPU.ActiveCfg = Release|Any CPU
		{AD99EB74-0726-4939-B200-A7724BDC87B3}.Release|Any CPU.Build.0 = Release|Any CPU
		{C310EA0F-CFFD-4972-9843-B05C31317787}.Debug|Any CPU.ActiveCfg = Debug|Any CPU
		{C310EA0F-CFFD-4972-9843-B05C31317787}.Debug|Any CPU.Build.0 = Debug|Any CPU
		{C310EA0F-CFFD-4972-9843-B05C31317787}.Release|Any CPU.ActiveCfg = Release|Any CPU
		{C310EA0F-CFFD-4972-9843-B05C31317787}.Release|Any CPU.Build.0 = Release|Any CPU
		{5208C5B4-469D-4BE8-81D9-E3EF52E2D44B}.Debug|Any CPU.ActiveCfg = Debug|Any CPU
		{5208C5B4-469D-4BE8-81D9-E3EF52E2D44B}.Debug|Any CPU.Build.0 = Debug|Any CPU
		{5208C5B4-469D-4BE8-81D9-E3EF52E2D44B}.Release|Any CPU.ActiveCfg = Release|Any CPU
		{5208C5B4-469D-4BE8-81D9-E3EF52E2D44B}.Release|Any CPU.Build.0 = Release|Any CPU
		{95C00858-E88A-4D7C-9FAF-C6F5A42E2281}.Debug|Any CPU.ActiveCfg = Debug|Any CPU
		{95C00858-E88A-4D7C-9FAF-C6F5A42E2281}.Debug|Any CPU.Build.0 = Debug|Any CPU
		{95C00858-E88A-4D7C-9FAF-C6F5A42E2281}.Release|Any CPU.ActiveCfg = Release|Any CPU
		{95C00858-E88A-4D7C-9FAF-C6F5A42E2281}.Release|Any CPU.Build.0 = Release|Any CPU
		{CF62021B-0185-45A7-869E-CD5F4DCE626D}.Debug|Any CPU.ActiveCfg = Debug|Any CPU
		{CF62021B-0185-45A7-869E-CD5F4DCE626D}.Debug|Any CPU.Build.0 = Debug|Any CPU
		{CF62021B-0185-45A7-869E-CD5F4DCE626D}.Release|Any CPU.ActiveCfg = Release|Any CPU
		{CF62021B-0185-45A7-869E-CD5F4DCE626D}.Release|Any CPU.Build.0 = Release|Any CPU
	EndGlobalSection
	GlobalSection(SolutionProperties) = preSolution
		HideSolutionNode = FALSE
	EndGlobalSection
	GlobalSection(NestedProjects) = preSolution
		{AD99EB74-0726-4939-B200-A7724BDC87B3} = {4048C78D-9C7E-49C1-81E0-38CA74E7EF86}
		{C310EA0F-CFFD-4972-9843-B05C31317787} = {93B72CA8-84C7-4475-9728-69302975FF4A}
		{5208C5B4-469D-4BE8-81D9-E3EF52E2D44B} = {93B72CA8-84C7-4475-9728-69302975FF4A}
		{95C00858-E88A-4D7C-9FAF-C6F5A42E2281} = {DE9A4ED9-20F7-4EBD-8D14-0780DA4634B0}
		{CF62021B-0185-45A7-869E-CD5F4DCE626D} = {DE9A4ED9-20F7-4EBD-8D14-0780DA4634B0}
	EndGlobalSection
	GlobalSection(ExtensibilityGlobals) = postSolution
		SolutionGuid = {DDE41132-6831-4ED1-801F-7C44265C63EA}
	EndGlobalSection
EndGlobal
